// !$*UTF8*$!
{
	archiveVersion = 1;
	classes = {
	};
	objectVersion = 56;
	objects = {

/* Begin PBXBuildFile section */
		C645C1872DFAE093000C69BD /* JustWalk3App.swift in Sources */ = {isa = PBXBuildFile; fileRef = C645C1862DFAE093000C69BD /* JustWalk3App.swift */; };
		C645C1892DFAE093000C69BD /* ContentView.swift in Sources */ = {isa = PBXBuildFile; fileRef = C645C1882DFAE093000C69BD /* ContentView.swift */; };
		C645C18B2DFAE095000C69BD /* Assets.xcassets in Resources */ = {isa = PBXBuildFile; fileRef = C645C18A2DFAE095000C69BD /* Assets.xcassets */; };
		C645C18E2DFAE095000C69BD /* Preview Assets.xcassets in Resources */ = {isa = PBXBuildFile; fileRef = C645C18D2DFAE095000C69BD /* Preview Assets.xcassets */; };
		C645C1962DFAF7D2000C69BD /* WalkVM.swift in Sources */ = {isa = PBXBuildFile; fileRef = C645C1952DFAF7D2000C69BD /* WalkVM.swift */; };
		C645C1992DFAF80F000C69BD /* IdleView.swift in Sources */ = {isa = PBXBuildFile; fileRef = C645C1982DFAF80F000C69BD /* IdleView.swift */; };
		C645C19B2DFAF827000C69BD /* FaceIcon.swift in Sources */ = {isa = PBXBuildFile; fileRef = C645C19A2DFAF827000C69BD /* FaceIcon.swift */; };
		C645C19D2DFAF845000C69BD /* Color+Theme.swift in Sources */ = {isa = PBXBuildFile; fileRef = C645C19C2DFAF845000C69BD /* Color+Theme.swift */; };
		C645C1A02DFAF9E2000C69BD /* RouteShape.swift in Sources */ = {isa = PBXBuildFile; fileRef = C645C19F2DFAF9E2000C69BD /* RouteShape.swift */; };
		C645C1A22DFAFA05000C69BD /* StatText.swift in Sources */ = {isa = PBXBuildFile; fileRef = C645C1A12DFAFA05000C69BD /* StatText.swift */; };
		C645C1A42DFAFA21000C69BD /*  BlurButton.swift in Sources */ = {isa = PBXBuildFile; fileRef = C645C1A32DFAFA21000C69BD /*  BlurButton.swift */; };
		C645C1A62DFAFA4E000C69BD /* WalkingView.swift in Sources */ = {isa = PBXBuildFile; fileRef = C645C1A52DFAFA4E000C69BD /* WalkingView.swift */; };
			C645C1A82DFAFA6C000C69BD /* LibraryView.swift in Sources */ = {isa = PBXBuildFile; fileRef = C645C1A72DFAFA6C000C69BD /* LibraryView.swift */; };
			C645C1AB2DFB061F000C69BD /* PatrickHand-Regular.ttf in Resources */ = {isa = PBXBuildFile; fileRef = C645C1A92DFB05D2000C69BD /* PatrickHand-Regular.ttf */; };
/* End PBXBuildFile section */

/* Begin PBXFileReference section */
		C645C1832DFAE093000C69BD /* JustWalk3.app */ = {isa = PBXFileReference; explicitFileType = wrapper.application; includeInIndex = 0; path = JustWalk3.app; sourceTree = BUILT_PRODUCTS_DIR; };
		C645C1862DFAE093000C69BD /* JustWalk3App.swift */ = {isa = PBXFileReference; lastKnownFileType = sourcecode.swift; path = JustWalk3App.swift; sourceTree = "<group>"; };
		C645C1882DFAE093000C69BD /* ContentView.swift */ = {isa = PBXFileReference; lastKnownFileType = sourcecode.swift; path = ContentView.swift; sourceTree = "<group>"; };
		C645C18A2DFAE095000C69BD /* Assets.xcassets */ = {isa = PBXFileReference; lastKnownFileType = folder.assetcatalog; path = Assets.xcassets; sourceTree = "<group>"; };
		C645C18D2DFAE095000C69BD /* Preview Assets.xcassets */ = {isa = PBXFileReference; lastKnownFileType = folder.assetcatalog; path = "Preview Assets.xcassets"; sourceTree = "<group>"; };
		C645C1952DFAF7D2000C69BD /* WalkVM.swift */ = {isa = PBXFileReference; lastKnownFileType = sourcecode.swift; path = WalkVM.swift; sourceTree = "<group>"; };
		C645C1982DFAF80F000C69BD /* IdleView.swift */ = {isa = PBXFileReference; lastKnownFileType = sourcecode.swift; path = IdleView.swift; sourceTree = "<group>"; };
		C645C19A2DFAF827000C69BD /* FaceIcon.swift */ = {isa = PBXFileReference; lastKnownFileType = sourcecode.swift; path = FaceIcon.swift; sourceTree = "<group>"; };
		C645C19C2DFAF845000C69BD /* Color+Theme.swift */ = {isa = PBXFileReference; lastKnownFileType = sourcecode.swift; path = "Color+Theme.swift"; sourceTree = "<group>"; };
		C645C19F2DFAF9E2000C69BD /* RouteShape.swift */ = {isa = PBXFileReference; lastKnownFileType = sourcecode.swift; path = RouteShape.swift; sourceTree = "<group>"; };
		C645C1A12DFAFA05000C69BD /* StatText.swift */ = {isa = PBXFileReference; lastKnownFileType = sourcecode.swift; path = StatText.swift; sourceTree = "<group>"; };
		C645C1A32DFAFA21000C69BD /*  BlurButton.swift */ = {isa = PBXFileReference; lastKnownFileType = sourcecode.swift; path = " BlurButton.swift"; sourceTree = "<group>"; };
		C645C1A52DFAFA4E000C69BD /* WalkingView.swift */ = {isa = PBXFileReference; lastKnownFileType = sourcecode.swift; path = WalkingView.swift; sourceTree = "<group>"; };
		C645C1A72DFAFA6C000C69BD /* LibraryView.swift */ = {isa = PBXFileReference; lastKnownFileType = sourcecode.swift; path = LibraryView.swift; sourceTree = "<group>"; };
C645C1A92DFB05D2000C69BD /* PatrickHand-Regular.ttf */ = {isa = PBXFileReference; lastKnownFileType = file; name = "PatrickHand-Regular.ttf"; path = "Fonts/PatrickHand-Regular.ttf"; sourceTree = "<group>"; };
/* End PBXFileReference section */

/* Begin PBXFrameworksBuildPhase section */
		C645C1802DFAE093000C69BD /* Frameworks */ = {
			isa = PBXFrameworksBuildPhase;
			buildActionMask = 2147483647;
			files = (
			);
			runOnlyForDeploymentPostprocessing = 0;
		};
/* End PBXFrameworksBuildPhase section */

/* Begin PBXGroup section */
		C645C17A2DFAE093000C69BD = {
			isa = PBXGroup;
			children = (
				C645C1852DFAE093000C69BD /* JustWalk3 */,
				C645C1842DFAE093000C69BD /* Products */,
			);
			sourceTree = "<group>";
		};
		C645C1842DFAE093000C69BD /* Products */ = {
			isa = PBXGroup;
			children = (
				C645C1832DFAE093000C69BD /* JustWalk3.app */,
			);
			name = Products;
			sourceTree = "<group>";
		};
		C645C1852DFAE093000C69BD /* JustWalk3 */ = {
			isa = PBXGroup;
			children = (
				C645C1972DFAF7FC000C69BD /* Views */,
				C645C1862DFAE093000C69BD /* JustWalk3App.swift */,
				C645C1942DFAF772000C69BD /* ViewModels */,
				C645C1882DFAE093000C69BD /* ContentView.swift */,
				C645C18A2DFAE095000C69BD /* Assets.xcassets */,
				C645C18C2DFAE095000C69BD /* Preview Content */,
				C645C19C2DFAF845000C69BD /* Color+Theme.swift */,
				C645C1A92DFB05D2000C69BD /* PatrickHand-Regular.ttf */,
			);
			path = JustWalk3;
			sourceTree = "<group>";
		};
		C645C18C2DFAE095000C69BD /* Preview Content */ = {
			isa = PBXGroup;
			children = (
				C645C18D2DFAE095000C69BD /* Preview Assets.xcassets */,
			);
			path = "Preview Content";
			sourceTree = "<group>";
		};
		C645C1942DFAF772000C69BD /* ViewModels */ = {
			isa = PBXGroup;
			children = (
				C645C1952DFAF7D2000C69BD /* WalkVM.swift */,
			);
			path = ViewModels;
			sourceTree = "<group>";
		};
		C645C1972DFAF7FC000C69BD /* Views */ = {
			isa = PBXGroup;
			children = (
				C645C19E2DFAF9C4000C69BD /* Components */,
				C645C1982DFAF80F000C69BD /* IdleView.swift */,
				C645C19A2DFAF827000C69BD /* FaceIcon.swift */,
				C645C1A52DFAFA4E000C69BD /* WalkingView.swift */,
				C645C1A72DFAFA6C000C69BD /* LibraryView.swift */,
			);
			path = Views;
			sourceTree = "<group>";
		};
		C645C19E2DFAF9C4000C69BD /* Components */ = {
			isa = PBXGroup;
			children = (
				C645C19F2DFAF9E2000C69BD /* RouteShape.swift */,
				C645C1A12DFAFA05000C69BD /* StatText.swift */,
				C645C1A32DFAFA21000C69BD /*  BlurButton.swift */,
			);
			path = Components;
			sourceTree = "<group>";
		};
/* End PBXGroup section */

/* Begin PBXNativeTarget section */
		C645C1822DFAE093000C69BD /* JustWalk3 */ = {
			isa = PBXNativeTarget;
			buildConfigurationList = C645C1912DFAE095000C69BD /* Build configuration list for PBXNativeTarget "JustWalk3" */;
			buildPhases = (
				C645C17F2DFAE093000C69BD /* Sources */,
				C645C1802DFAE093000C69BD /* Frameworks */,
				C645C1812DFAE093000C69BD /* Resources */,
			);
			buildRules = (
			);
			dependencies = (
			);
			name = JustWalk3;
			productName = JustWalk3;
			productReference = C645C1832DFAE093000C69BD /* JustWalk3.app */;
			productType = "com.apple.product-type.application";
		};
/* End PBXNativeTarget section */

/* Begin PBXProject section */
		C645C17B2DFAE093000C69BD /* Project object */ = {
			isa = PBXProject;
			attributes = {
				BuildIndependentTargetsInParallel = 1;
				LastSwiftUpdateCheck = 1420;
				LastUpgradeCheck = 1420;
				TargetAttributes = {
					C645C1822DFAE093000C69BD = {
						CreatedOnToolsVersion = 14.2;
					};
				};
			};
			buildConfigurationList = C645C17E2DFAE093000C69BD /* Build configuration list for PBXProject "JustWalk3" */;
			compatibilityVersion = "Xcode 14.0";
			developmentRegion = en;
			hasScannedForEncodings = 0;
			knownRegions = (
				en,
				Base,
			);
			mainGroup = C645C17A2DFAE093000C69BD;
			productRefGroup = C645C1842DFAE093000C69BD /* Products */;
			projectDirPath = "";
			projectRoot = "";
			targets = (
				C645C1822DFAE093000C69BD /* JustWalk3 */,
			);
		};
/* End PBXProject section */

/* Begin PBXResourcesBuildPhase section */
		C645C1812DFAE093000C69BD /* Resources */ = {
			isa = PBXResourcesBuildPhase;
			buildActionMask = 2147483647;
			files = (
				C645C18E2DFAE095000C69BD /* Preview Assets.xcassets in Resources */,
C645C18B2DFAE095000C69BD /* Assets.xcassets in Resources */,
C645C1AB2DFB061F000C69BD /* PatrickHand-Regular.ttf in Resources */,
			);
			runOnlyForDeploymentPostprocessing = 0;
		};
/* End PBXResourcesBuildPhase section */

/* Begin PBXSourcesBuildPhase section */
		C645C17F2DFAE093000C69BD /* Sources */ = {
			isa = PBXSourcesBuildPhase;
			buildActionMask = 2147483647;
			files = (
				C645C1892DFAE093000C69BD /* ContentView.swift in Sources */,
				C645C1A42DFAFA21000C69BD /*  BlurButton.swift in Sources */,
				C645C1872DFAE093000C69BD /* JustWalk3App.swift in Sources */,
				C645C1A22DFAFA05000C69BD /* StatText.swift in Sources */,
				C645C1992DFAF80F000C69BD /* IdleView.swift in Sources */,
				C645C19D2DFAF845000C69BD /* Color+Theme.swift in Sources */,
				C645C1A62DFAFA4E000C69BD /* WalkingView.swift in Sources */,
				C645C1A82DFAFA6C000C69BD /* LibraryView.swift in Sources */,
				C645C1962DFAF7D2000C69BD /* WalkVM.swift in Sources */,
				C645C1A02DFAF9E2000C69BD /* RouteShape.swift in Sources */,
				C645C19B2DFAF827000C69BD /* FaceIcon.swift in Sources */,
			);
			runOnlyForDeploymentPostprocessing = 0;
		};
/* End PBXSourcesBuildPhase section */

/* Begin XCBuildConfiguration section */
		C645C18F2DFAE095000C69BD /* Debug */ = {
			isa = XCBuildConfiguration;
			buildSettings = {
				ALWAYS_SEARCH_USER_PATHS = NO;
				CLANG_ANALYZER_NONNULL = YES;
				CLANG_ANALYZER_NUMBER_OBJECT_CONVERSION = YES_AGGRESSIVE;
				CLANG_CXX_LANGUAGE_STANDARD = "gnu++20";
				CLANG_ENABLE_MODULES = YES;
				CLANG_ENABLE_OBJC_ARC = YES;
				CLANG_ENABLE_OBJC_WEAK = YES;
				CLANG_WARN_BLOCK_CAPTURE_AUTORELEASING = YES;
				CLANG_WARN_BOOL_CONVERSION = YES;
				CLANG_WARN_COMMA = YES;
				CLANG_WARN_CONSTANT_CONVERSION = YES;
				CLANG_WARN_DEPRECATED_OBJC_IMPLEMENTATIONS = YES;
				CLANG_WARN_DIRECT_OBJC_ISA_USAGE = YES_ERROR;
				CLANG_WARN_DOCUMENTATION_COMMENTS = YES;
				CLANG_WARN_EMPTY_BODY = YES;
				CLANG_WARN_ENUM_CONVERSION = YES;
				CLANG_WARN_INFINITE_RECURSION = YES;
				CLANG_WARN_INT_CONVERSION = YES;
				CLANG_WARN_NON_LITERAL_NULL_CONVERSION = YES;
				CLANG_WARN_OBJC_IMPLICIT_RETAIN_SELF = YES;
				CLANG_WARN_OBJC_LITERAL_CONVERSION = YES;
				CLANG_WARN_OBJC_ROOT_CLASS = YES_ERROR;
				CLANG_WARN_QUOTED_INCLUDE_IN_FRAMEWORK_HEADER = YES;
				CLANG_WARN_RANGE_LOOP_ANALYSIS = YES;
				CLANG_WARN_STRICT_PROTOTYPES = YES;
				CLANG_WARN_SUSPICIOUS_MOVE = YES;
				CLANG_WARN_UNGUARDED_AVAILABILITY = YES_AGGRESSIVE;
				CLANG_WARN_UNREACHABLE_CODE = YES;
				CLANG_WARN__DUPLICATE_METHOD_MATCH = YES;
				COPY_PHASE_STRIP = NO;
				DEBUG_INFORMATION_FORMAT = dwarf;
				ENABLE_STRICT_OBJC_MSGSEND = YES;
				ENABLE_TESTABILITY = YES;
				GCC_C_LANGUAGE_STANDARD = gnu11;
				GCC_DYNAMIC_NO_PIC = NO;
				GCC_NO_COMMON_BLOCKS = YES;
				GCC_OPTIMIZATION_LEVEL = 0;
				GCC_PREPROCESSOR_DEFINITIONS = (
					"DEBUG=1",
					"$(inherited)",
				);
				GCC_WARN_64_TO_32_BIT_CONVERSION = YES;
				GCC_WARN_ABOUT_RETURN_TYPE = YES_ERROR;
				GCC_WARN_UNDECLARED_SELECTOR = YES;
				GCC_WARN_UNINITIALIZED_AUTOS = YES_AGGRESSIVE;
				GCC_WARN_UNUSED_FUNCTION = YES;
				GCC_WARN_UNUSED_VARIABLE = YES;
				IPHONEOS_DEPLOYMENT_TARGET = 16.2;
				MTL_ENABLE_DEBUG_INFO = INCLUDE_SOURCE;
				MTL_FAST_MATH = YES;
				ONLY_ACTIVE_ARCH = YES;
				SDKROOT = iphoneos;
				SWIFT_ACTIVE_COMPILATION_CONDITIONS = DEBUG;
				SWIFT_OPTIMIZATION_LEVEL = "-Onone";
			};
			name = Debug;
		};
		C645C1902DFAE095000C69BD /* Release */ = {
			isa = XCBuildConfiguration;
			buildSettings = {
				ALWAYS_SEARCH_USER_PATHS = NO;
				CLANG_ANALYZER_NONNULL = YES;
				CLANG_ANALYZER_NUMBER_OBJECT_CONVERSION = YES_AGGRESSIVE;
				CLANG_CXX_LANGUAGE_STANDARD = "gnu++20";
				CLANG_ENABLE_MODULES = YES;
				CLANG_ENABLE_OBJC_ARC = YES;
				CLANG_ENABLE_OBJC_WEAK = YES;
				CLANG_WARN_BLOCK_CAPTURE_AUTORELEASING = YES;
				CLANG_WARN_BOOL_CONVERSION = YES;
				CLANG_WARN_COMMA = YES;
				CLANG_WARN_CONSTANT_CONVERSION = YES;
				CLANG_WARN_DEPRECATED_OBJC_IMPLEMENTATIONS = YES;
				CLANG_WARN_DIRECT_OBJC_ISA_USAGE = YES_ERROR;
				CLANG_WARN_DOCUMENTATION_COMMENTS = YES;
				CLANG_WARN_EMPTY_BODY = YES;
				CLANG_WARN_ENUM_CONVERSION = YES;
				CLANG_WARN_INFINITE_RECURSION = YES;
				CLANG_WARN_INT_CONVERSION = YES;
				CLANG_WARN_NON_LITERAL_NULL_CONVERSION = YES;
				CLANG_WARN_OBJC_IMPLICIT_RETAIN_SELF = YES;
				CLANG_WARN_OBJC_LITERAL_CONVERSION = YES;
				CLANG_WARN_OBJC_ROOT_CLASS = YES_ERROR;
				CLANG_WARN_QUOTED_INCLUDE_IN_FRAMEWORK_HEADER = YES;
				CLANG_WARN_RANGE_LOOP_ANALYSIS = YES;
				CLANG_WARN_STRICT_PROTOTYPES = YES;
				CLANG_WARN_SUSPICIOUS_MOVE = YES;
				CLANG_WARN_UNGUARDED_AVAILABILITY = YES_AGGRESSIVE;
				CLANG_WARN_UNREACHABLE_CODE = YES;
				CLANG_WARN__DUPLICATE_METHOD_MATCH = YES;
				COPY_PHASE_STRIP = NO;
				DEBUG_INFORMATION_FORMAT = "dwarf-with-dsym";
				ENABLE_NS_ASSERTIONS = NO;
				ENABLE_STRICT_OBJC_MSGSEND = YES;
				GCC_C_LANGUAGE_STANDARD = gnu11;
				GCC_NO_COMMON_BLOCKS = YES;
				GCC_WARN_64_TO_32_BIT_CONVERSION = YES;
				GCC_WARN_ABOUT_RETURN_TYPE = YES_ERROR;
				GCC_WARN_UNDECLARED_SELECTOR = YES;
				GCC_WARN_UNINITIALIZED_AUTOS = YES_AGGRESSIVE;
				GCC_WARN_UNUSED_FUNCTION = YES;
				GCC_WARN_UNUSED_VARIABLE = YES;
				IPHONEOS_DEPLOYMENT_TARGET = 16.2;
				MTL_ENABLE_DEBUG_INFO = NO;
				MTL_FAST_MATH = YES;
				SDKROOT = iphoneos;
				SWIFT_COMPILATION_MODE = wholemodule;
				SWIFT_OPTIMIZATION_LEVEL = "-O";
				VALIDATE_PRODUCT = YES;
			};
			name = Release;
		};
		C645C1922DFAE095000C69BD /* Debug */ = {
			isa = XCBuildConfiguration;
			buildSettings = {
				ASSETCATALOG_COMPILER_APPICON_NAME = AppIcon;
				ASSETCATALOG_COMPILER_GLOBAL_ACCENT_COLOR_NAME = AccentColor;
				CODE_SIGN_STYLE = Automatic;
				CURRENT_PROJECT_VERSION = 1;
				DEVELOPMENT_ASSET_PATHS = "\"JustWalk3/Preview Content\"";
				ENABLE_PREVIEWS = YES;
				GENERATE_INFOPLIST_FILE = YES;
				INFOPLIST_KEY_UIApplicationSceneManifest_Generation = YES;
				INFOPLIST_KEY_UIApplicationSupportsIndirectInputEvents = YES;
INFOPLIST_KEY_UILaunchScreen_Generation = YES;
INFOPLIST_KEY_UIAppFonts = (
"Fonts/PatrickHand-Regular.ttf",
);
				INFOPLIST_KEY_UISupportedInterfaceOrientations_iPad = "UIInterfaceOrientationPortrait UIInterfaceOrientationPortraitUpsideDown UIInterfaceOrientationLandscapeLeft UIInterfaceOrientationLandscapeRight";
				INFOPLIST_KEY_UISupportedInterfaceOrientations_iPhone = "UIInterfaceOrientationPortrait UIInterfaceOrientationLandscapeLeft UIInterfaceOrientationLandscapeRight";
				LD_RUNPATH_SEARCH_PATHS = (
					"$(inherited)",
					"@executable_path/Frameworks",
				);
				MARKETING_VERSION = 1.0;
				PRODUCT_BUNDLE_IDENTIFIER = mishka.JustWalk3;
				PRODUCT_NAME = "$(TARGET_NAME)";
				SWIFT_EMIT_LOC_STRINGS = YES;
				SWIFT_VERSION = 5.0;
				TARGETED_DEVICE_FAMILY = "1,2";
			};
			name = Debug;
		};
		C645C1932DFAE095000C69BD /* Release */ = {
			isa = XCBuildConfiguration;
			buildSettings = {
				ASSETCATALOG_COMPILER_APPICON_NAME = AppIcon;
				ASSETCATALOG_COMPILER_GLOBAL_ACCENT_COLOR_NAME = AccentColor;
				CODE_SIGN_STYLE = Automatic;
				CURRENT_PROJECT_VERSION = 1;
				DEVELOPMENT_ASSET_PATHS = "\"JustWalk3/Preview Content\"";
				ENABLE_PREVIEWS = YES;
				GENERATE_INFOPLIST_FILE = YES;
				INFOPLIST_KEY_UIApplicationSceneManifest_Generation = YES;
				INFOPLIST_KEY_UIApplicationSupportsIndirectInputEvents = YES;
INFOPLIST_KEY_UILaunchScreen_Generation = YES;
INFOPLIST_KEY_UIAppFonts = (
"Fonts/PatrickHand-Regular.ttf",
);
INFOPLIST_KEY_UISupportedInterfaceOrientations_iPad = "UIInterfaceOrientationPortrait UIInterfaceOrientationPortraitUpsideDown UIInterfaceOrientationLandscapeLeft UIInterfaceOrientationLandscapeRight";
				INFOPLIST_KEY_UISupportedInterfaceOrientations_iPhone = "UIInterfaceOrientationPortrait UIInterfaceOrientationLandscapeLeft UIInterfaceOrientationLandscapeRight";
				LD_RUNPATH_SEARCH_PATHS = (
					"$(inherited)",
					"@executable_path/Frameworks",
				);
				MARKETING_VERSION = 1.0;
				PRODUCT_BUNDLE_IDENTIFIER = mishka.JustWalk3;
				PRODUCT_NAME = "$(TARGET_NAME)";
				SWIFT_EMIT_LOC_STRINGS = YES;
				SWIFT_VERSION = 5.0;
				TARGETED_DEVICE_FAMILY = "1,2";
			};
			name = Release;
		};
/* End XCBuildConfiguration section */

/* Begin XCConfigurationList section */
		C645C17E2DFAE093000C69BD /* Build configuration list for PBXProject "JustWalk3" */ = {
			isa = XCConfigurationList;
			buildConfigurations = (
				C645C18F2DFAE095000C69BD /* Debug */,
				C645C1902DFAE095000C69BD /* Release */,
			);
			defaultConfigurationIsVisible = 0;
			defaultConfigurationName = Release;
		};
		C645C1912DFAE095000C69BD /* Build configuration list for PBXNativeTarget "JustWalk3" */ = {
			isa = XCConfigurationList;
			buildConfigurations = (
				C645C1922DFAE095000C69BD /* Debug */,
				C645C1932DFAE095000C69BD /* Release */,
			);
			defaultConfigurationIsVisible = 0;
			defaultConfigurationName = Release;
		};
/* End XCConfigurationList section */
	};
	rootObject = C645C17B2DFAE093000C69BD /* Project object */;
}
